
Microsoft Visual Studio Solution File, Format Version 12.00
# Visual Studio Version 17
VisualStudioVersion = 17.0.31903.59
MinimumVisualStudioVersion = 10.0.40219.1
Project("{2150E333-8FDC-42A3-9474-1A3956D46DE8}") = "src", "src", "{827E0CD3-B72D-47B6-A68D-7590B98EB39B}"
EndProject
Project("{FAE04EC0-301F-11D3-BF4B-00C04F79EFBC}") = "Wartergen.Wc3Terrain", "src\Wartergen.Wc3Terrain\Wartergen.Wc3Terrain.csproj", "{03E1A00F-9942-476D-BB56-495FCD6AC96E}"
EndProject
Project("{FAE04EC0-301F-11D3-BF4B-00C04F79EFBC}") = "Wartergen.Bmp", "src\Wartergen.Bmp\Wartergen.Bmp.csproj", "{AFD9EEA3-61F0-4098-A051-1B5D6339A3C1}"
EndProject
Project("{FAE04EC0-301F-11D3-BF4B-00C04F79EFBC}") = "Wartergen.Mpq", "src\Wartergen.Mpq\Wartergen.Mpq.csproj", "{7533871B-4B50-4B43-9CC4-ED4848662C41}"
EndProject
Project("{FAE04EC0-301F-11D3-BF4B-00C04F79EFBC}") = "Wartergen.App", "src\Wartergen.App\Wartergen.App.csproj", "{BE0EF200-1600-4AA9-8C18-411835BD90C6}"
EndProject
Project("{FAE04EC0-301F-11D3-BF4B-00C04F79EFBC}") = "Wartergen.Wc3Terrain.Tests", "tests\Wartergen.Wc3Terrain.Tests\Wartergen.Wc3Terrain.Tests.csproj", "{4A7B6AA1-5ED7-4213-ADE5-A85F08DFA0A6}"
EndProject
Project("{FAE04EC0-301F-11D3-BF4B-00C04F79EFBC}") = "Wartergen.Bmp.Tests", "tests\Wartergen.Bmp.Tests\Wartergen.Bmp.Tests.csproj", "{43A9D5B6-4020-4D7D-BEB7-3054254118D3}"
EndProject
Project("{FAE04EC0-301F-11D3-BF4B-00C04F79EFBC}") = "Wartergen.Mpq.Tests", "tests\Wartergen.Mpq.Tests\Wartergen.Mpq.Tests.csproj", "{2288A167-B483-4274-8457-9A96096E62F3}"
EndProject
Global
	GlobalSection(SolutionConfigurationPlatforms) = preSolution
		Debug|Any CPU = Debug|Any CPU
		Debug|x64 = Debug|x64
		Debug|x86 = Debug|x86
		Release|Any CPU = Release|Any CPU
		Release|x64 = Release|x64
		Release|x86 = Release|x86
	EndGlobalSection
	GlobalSection(ProjectConfigurationPlatforms) = postSolution
		{03E1A00F-9942-476D-BB56-495FCD6AC96E}.Debug|Any CPU.ActiveCfg = Debug|Any CPU
		{03E1A00F-9942-476D-BB56-495FCD6AC96E}.Debug|Any CPU.Build.0 = Debug|Any CPU
		{03E1A00F-9942-476D-BB56-495FCD6AC96E}.Debug|x64.ActiveCfg = Debug|Any CPU
		{03E1A00F-9942-476D-BB56-495FCD6AC96E}.Debug|x64.Build.0 = Debug|Any CPU
		{03E1A00F-9942-476D-BB56-495FCD6AC96E}.Debug|x86.ActiveCfg = Debug|Any CPU
		{03E1A00F-9942-476D-BB56-495FCD6AC96E}.Debug|x86.Build.0 = Debug|Any CPU
		{03E1A00F-9942-476D-BB56-495FCD6AC96E}.Release|Any CPU.ActiveCfg = Release|Any CPU
		{03E1A00F-9942-476D-BB56-495FCD6AC96E}.Release|Any CPU.Build.0 = Release|Any CPU
		{03E1A00F-9942-476D-BB56-495FCD6AC96E}.Release|x64.ActiveCfg = Release|Any CPU
		{03E1A00F-9942-476D-BB56-495FCD6AC96E}.Release|x64.Build.0 = Release|Any CPU
		{03E1A00F-9942-476D-BB56-495FCD6AC96E}.Release|x86.ActiveCfg = Release|Any CPU
		{03E1A00F-9942-476D-BB56-495FCD6AC96E}.Release|x86.Build.0 = Release|Any CPU
		{AFD9EEA3-61F0-4098-A051-1B5D6339A3C1}.Debug|Any CPU.ActiveCfg = Debug|Any CPU
		{AFD9EEA3-61F0-4098-A051-1B5D6339A3C1}.Debug|Any CPU.Build.0 = Debug|Any CPU
		{AFD9EEA3-61F0-4098-A051-1B5D6339A3C1}.Debug|x64.ActiveCfg = Debug|Any CPU
		{AFD9EEA3-61F0-4098-A051-1B5D6339A3C1}.Debug|x64.Build.0 = Debug|Any CPU
		{AFD9EEA3-61F0-4098-A051-1B5D6339A3C1}.Debug|x86.ActiveCfg = Debug|Any CPU
		{AFD9EEA3-61F0-4098-A051-1B5D6339A3C1}.Debug|x86.Build.0 = Debug|Any CPU
		{AFD9EEA3-61F0-4098-A051-1B5D6339A3C1}.Release|Any CPU.ActiveCfg = Release|Any CPU
		{AFD9EEA3-61F0-4098-A051-1B5D6339A3C1}.Release|Any CPU.Build.0 = Release|Any CPU
		{AFD9EEA3-61F0-4098-A051-1B5D6339A3C1}.Release|x64.ActiveCfg = Release|Any CPU
		{AFD9EEA3-61F0-4098-A051-1B5D6339A3C1}.Release|x64.Build.0 = Release|Any CPU
		{AFD9EEA3-61F0-4098-A051-1B5D6339A3C1}.Release|x86.ActiveCfg = Release|Any CPU
		{AFD9EEA3-61F0-4098-A051-1B5D6339A3C1}.Release|x86.Build.0 = Release|Any CPU
		{7533871B-4B50-4B43-9CC4-ED4848662C41}.Debug|Any CPU.ActiveCfg = Debug|Any CPU
		{7533871B-4B50-4B43-9CC4-ED4848662C41}.Debug|Any CPU.Build.0 = Debug|Any CPU
		{7533871B-4B50-4B43-9CC4-ED4848662C41}.Debug|x64.ActiveCfg = Debug|Any CPU
		{7533871B-4B50-4B43-9CC4-ED4848662C41}.Debug|x64.Build.0 = Debug|Any CPU
		{7533871B-4B50-4B43-9CC4-ED4848662C41}.Debug|x86.ActiveCfg = Debug|Any CPU
		{7533871B-4B50-4B43-9CC4-ED4848662C41}.Debug|x86.Build.0 = Debug|Any CPU
		{7533871B-4B50-4B43-9CC4-ED4848662C41}.Release|Any CPU.ActiveCfg = Release|Any CPU
		{7533871B-4B50-4B43-9CC4-ED4848662C41}.Release|Any CPU.Build.0 = Release|Any CPU
		{7533871B-4B50-4B43-9CC4-ED4848662C41}.Release|x64.ActiveCfg = Release|Any CPU
		{7533871B-4B50-4B43-9CC4-ED4848662C41}.Release|x64.Build.0 = Release|Any CPU
		{7533871B-4B50-4B43-9CC4-ED4848662C41}.Release|x86.ActiveCfg = Release|Any CPU
		{7533871B-4B50-4B43-9CC4-ED4848662C41}.Release|x86.Build.0 = Release|Any CPU
		{BE0EF200-1600-4AA9-8C18-411835BD90C6}.Debug|Any CPU.ActiveCfg = Debug|Any CPU
		{BE0EF200-1600-4AA9-8C18-411835BD90C6}.Debug|Any CPU.Build.0 = Debug|Any CPU
		{BE0EF200-1600-4AA9-8C18-411835BD90C6}.Debug|x64.ActiveCfg = Debug|Any CPU
		{BE0EF200-1600-4AA9-8C18-411835BD90C6}.Debug|x64.Build.0 = Debug|Any CPU
		{BE0EF200-1600-4AA9-8C18-411835BD90C6}.Debug|x86.ActiveCfg = Debug|Any CPU
		{BE0EF200-1600-4AA9-8C18-411835BD90C6}.Debug|x86.Build.0 = Debug|Any CPU
		{BE0EF200-1600-4AA9-8C18-411835BD90C6}.Release|Any CPU.ActiveCfg = Release|Any CPU
		{BE0EF200-1600-4AA9-8C18-411835BD90C6}.Release|Any CPU.Build.0 = Release|Any CPU
		{BE0EF200-1600-4AA9-8C18-411835BD90C6}.Release|x64.ActiveCfg = Release|Any CPU
		{BE0EF200-1600-4AA9-8C18-411835BD90C6}.Release|x64.Build.0 = Release|Any CPU
		{BE0EF200-1600-4AA9-8C18-411835BD90C6}.Release|x86.ActiveCfg = Release|Any CPU
		{BE0EF200-1600-4AA9-8C18-411835BD90C6}.Release|x86.Build.0 = Release|Any CPU
		{4A7B6AA1-5ED7-4213-ADE5-A85F08DFA0A6}.Debug|Any CPU.ActiveCfg = Debug|Any CPU
		{4A7B6AA1-5ED7-4213-ADE5-A85F08DFA0A6}.Debug|Any CPU.Build.0 = Debug|Any CPU
		{4A7B6AA1-5ED7-4213-ADE5-A85F08DFA0A6}.Debug|x64.ActiveCfg = Debug|Any CPU
		{4A7B6AA1-5ED7-4213-ADE5-A85F08DFA0A6}.Debug|x64.Build.0 = Debug|Any CPU
		{4A7B6AA1-5ED7-4213-ADE5-A85F08DFA0A6}.Debug|x86.ActiveCfg = Debug|Any CPU
		{4A7B6AA1-5ED7-4213-ADE5-A85F08DFA0A6}.Debug|x86.Build.0 = Debug|Any CPU
		{4A7B6AA1-5ED7-4213-ADE5-A85F08DFA0A6}.Release|Any CPU.ActiveCfg = Release|Any CPU
		{4A7B6AA1-5ED7-4213-ADE5-A85F08DFA0A6}.Release|Any CPU.Build.0 = Release|Any CPU
		{4A7B6AA1-5ED7-4213-ADE5-A85F08DFA0A6}.Release|x64.ActiveCfg = Release|Any CPU
		{4A7B6AA1-5ED7-4213-ADE5-A85F08DFA0A6}.Release|x64.Build.0 = Release|Any CPU
		{4A7B6AA1-5ED7-4213-ADE5-A85F08DFA0A6}.Release|x86.ActiveCfg = Release|Any CPU
		{4A7B6AA1-5ED7-4213-ADE5-A85F08DFA0A6}.Release|x86.Build.0 = Release|Any CPU
		{43A9D5B6-4020-4D7D-BEB7-3054254118D3}.Debug|Any CPU.ActiveCfg = Debug|Any CPU
		{43A9D5B6-4020-4D7D-BEB7-3054254118D3}.Debug|Any CPU.Build.0 = Debug|Any CPU
		{43A9D5B6-4020-4D7D-BEB7-3054254118D3}.Debug|x64.ActiveCfg = Debug|Any CPU
		{43A9D5B6-4020-4D7D-BEB7-3054254118D3}.Debug|x64.Build.0 = Debug|Any CPU
		{43A9D5B6-4020-4D7D-BEB7-3054254118D3}.Debug|x86.ActiveCfg = Debug|Any CPU
		{43A9D5B6-4020-4D7D-BEB7-3054254118D3}.Debug|x86.Build.0 = Debug|Any CPU
		{43A9D5B6-4020-4D7D-BEB7-3054254118D3}.Release|Any CPU.ActiveCfg = Release|Any CPU
		{43A9D5B6-4020-4D7D-BEB7-3054254118D3}.Release|Any CPU.Build.0 = Release|Any CPU
		{43A9D5B6-4020-4D7D-BEB7-3054254118D3}.Release|x64.ActiveCfg = Release|Any CPU
		{43A9D5B6-4020-4D7D-BEB7-3054254118D3}.Release|x64.Build.0 = Release|Any CPU
		{43A9D5B6-4020-4D7D-BEB7-3054254118D3}.Release|x86.ActiveCfg = Release|Any CPU
		{43A9D5B6-4020-4D7D-BEB7-3054254118D3}.Release|x86.Build.0 = Release|Any CPU
		{2288A167-B483-4274-8457-9A96096E62F3}.Debug|Any CPU.ActiveCfg = Debug|Any CPU
		{2288A167-B483-4274-8457-9A96096E62F3}.Debug|Any CPU.Build.0 = Debug|Any CPU
		{2288A167-B483-4274-8457-9A96096E62F3}.Debug|x64.ActiveCfg = Debug|Any CPU
		{2288A167-B483-4274-8457-9A96096E62F3}.Debug|x64.Build.0 = Debug|Any CPU
		{2288A167-B483-4274-8457-9A96096E62F3}.Debug|x86.ActiveCfg = Debug|Any CPU
		{2288A167-B483-4274-8457-9A96096E62F3}.Debug|x86.Build.0 = Debug|Any CPU
		{2288A167-B483-4274-8457-9A96096E62F3}.Release|Any CPU.ActiveCfg = Release|Any CPU
		{2288A167-B483-4274-8457-9A96096E62F3}.Release|Any CPU.Build.0 = Release|Any CPU
		{2288A167-B483-4274-8457-9A96096E62F3}.Release|x64.ActiveCfg = Release|Any CPU
		{2288A167-B483-4274-8457-9A96096E62F3}.Release|x64.Build.0 = Release|Any CPU
		{2288A167-B483-4274-8457-9A96096E62F3}.Release|x86.ActiveCfg = Release|Any CPU
		{2288A167-B483-4274-8457-9A96096E62F3}.Release|x86.Build.0 = Release|Any CPU
	EndGlobalSection
	GlobalSection(SolutionProperties) = preSolution
		HideSolutionNode = FALSE
	EndGlobalSection
	GlobalSection(NestedProjects) = preSolution
		{03E1A00F-9942-476D-BB56-495FCD6AC96E} = {827E0CD3-B72D-47B6-A68D-7590B98EB39B}
		{AFD9EEA3-61F0-4098-A051-1B5D6339A3C1} = {827E0CD3-B72D-47B6-A68D-7590B98EB39B}
		{7533871B-4B50-4B43-9CC4-ED4848662C41} = {827E0CD3-B72D-47B6-A68D-7590B98EB39B}
		{BE0EF200-1600-4AA9-8C18-411835BD90C6} = {827E0CD3-B72D-47B6-A68D-7590B98EB39B}
		{4A7B6AA1-5ED7-4213-ADE5-A85F08DFA0A6} = {827E0CD3-B72D-47B6-A68D-7590B98EB39B}
		{43A9D5B6-4020-4D7D-BEB7-3054254118D3} = {827E0CD3-B72D-47B6-A68D-7590B98EB39B}
		{2288A167-B483-4274-8457-9A96096E62F3} = {827E0CD3-B72D-47B6-A68D-7590B98EB39B}
	EndGlobalSection
EndGlobal
